
Microsoft Visual Studio Solution File, Format Version 12.00
# Visual Studio Version 17
VisualStudioVersion = 17.0.31903.59
MinimumVisualStudioVersion = 10.0.40219.1
Project("{2150E333-8FDC-42A3-9474-1A3956D46DE8}") = "src", "src", "{A42DBE75-6CC3-4E47-BE85-0FB0ED34B977}"
EndProject
Project("{FAE04EC0-301F-11D3-BF4B-00C04F79EFBC}") = "Domain", "src\Domain\Domain.csproj", "{FFEF2ACB-52DA-433B-A627-B1CD7D83D93E}"
EndProject
Project("{FAE04EC0-301F-11D3-BF4B-00C04F79EFBC}") = "Application", "src\Application\Application.csproj", "{1C50F104-239C-422A-8752-80D9A518B605}"
EndProject
Project("{FAE04EC0-301F-11D3-BF4B-00C04F79EFBC}") = "Infrastructure", "src\Infrastructure\Infrastructure.csproj", "{A4FC89A4-5BEB-432B-90CF-BD2CD4AA6FDD}"
EndProject
Project("{FAE04EC0-301F-11D3-BF4B-00C04F79EFBC}") = "Web.Api", "src\Web.Api\Web.Api.csproj", "{93F339EA-8E8C-45B6-839F-EE3449C884B6}"
EndProject
Project("{FAE04EC0-301F-11D3-BF4B-00C04F79EFBC}") = "Worker.Updater", "src\Worker.Updater\Worker.Updater.csproj", "{5B83619A-F52B-4BD0-AC87-74F08D3577D9}"
EndProject
Project("{FAE04EC0-301F-11D3-BF4B-00C04F79EFBC}") = "Client", "src\Client\Client.csproj", "{BB5DC8DF-4F59-4551-8FF6-59881CB587DD}"
EndProject
Project("{2150E333-8FDC-42A3-9474-1A3956D46DE8}") = "tests", "tests", "{3E631758-2190-4FEB-860C-C1146EC26089}"
EndProject
Project("{FAE04EC0-301F-11D3-BF4B-00C04F79EFBC}") = "Domain.Tests", "tests\Domain.Tests\Domain.Tests.csproj", "{3FC24319-97DC-4B9E-A90A-E466D16A42DA}"
EndProject
Project("{FAE04EC0-301F-11D3-BF4B-00C04F79EFBC}") = "Application.Tests", "tests\Application.Tests\Application.Tests.csproj", "{6E1CCB37-D71B-49F3-9470-09641AA616A5}"
EndProject
Project("{FAE04EC0-301F-11D3-BF4B-00C04F79EFBC}") = "Infrastructure.Tests", "tests\Infrastructure.Tests\Infrastructure.Tests.csproj", "{A8A622BD-7AD7-4DB2-828A-38E43EF5EEFE}"
EndProject
Project("{FAE04EC0-301F-11D3-BF4B-00C04F79EFBC}") = "Client.Tests", "tests\Client.Tests\Client.Tests.csproj", "{5E9209DA-A572-402A-A2FC-816BCEF11EA2}"
EndProject
Global
	GlobalSection(SolutionConfigurationPlatforms) = preSolution
		Debug|Any CPU = Debug|Any CPU
		Release|Any CPU = Release|Any CPU
	EndGlobalSection
	GlobalSection(SolutionProperties) = preSolution
		HideSolutionNode = FALSE
	EndGlobalSection
	GlobalSection(ProjectConfigurationPlatforms) = postSolution
		{FFEF2ACB-52DA-433B-A627-B1CD7D83D93E}.Debug|Any CPU.ActiveCfg = Debug|Any CPU
		{FFEF2ACB-52DA-433B-A627-B1CD7D83D93E}.Debug|Any CPU.Build.0 = Debug|Any CPU
		{FFEF2ACB-52DA-433B-A627-B1CD7D83D93E}.Release|Any CPU.ActiveCfg = Release|Any CPU
		{FFEF2ACB-52DA-433B-A627-B1CD7D83D93E}.Release|Any CPU.Build.0 = Release|Any CPU
		{1C50F104-239C-422A-8752-80D9A518B605}.Debug|Any CPU.ActiveCfg = Debug|Any CPU
		{1C50F104-239C-422A-8752-80D9A518B605}.Debug|Any CPU.Build.0 = Debug|Any CPU
		{1C50F104-239C-422A-8752-80D9A518B605}.Release|Any CPU.ActiveCfg = Release|Any CPU
		{1C50F104-239C-422A-8752-80D9A518B605}.Release|Any CPU.Build.0 = Release|Any CPU
		{A4FC89A4-5BEB-432B-90CF-BD2CD4AA6FDD}.Debug|Any CPU.ActiveCfg = Debug|Any CPU
		{A4FC89A4-5BEB-432B-90CF-BD2CD4AA6FDD}.Debug|Any CPU.Build.0 = Debug|Any CPU
		{A4FC89A4-5BEB-432B-90CF-BD2CD4AA6FDD}.Release|Any CPU.ActiveCfg = Release|Any CPU
		{A4FC89A4-5BEB-432B-90CF-BD2CD4AA6FDD}.Release|Any CPU.Build.0 = Release|Any CPU
		{93F339EA-8E8C-45B6-839F-EE3449C884B6}.Debug|Any CPU.ActiveCfg = Debug|Any CPU
		{93F339EA-8E8C-45B6-839F-EE3449C884B6}.Debug|Any CPU.Build.0 = Debug|Any CPU
		{93F339EA-8E8C-45B6-839F-EE3449C884B6}.Release|Any CPU.ActiveCfg = Release|Any CPU
		{93F339EA-8E8C-45B6-839F-EE3449C884B6}.Release|Any CPU.Build.0 = Release|Any CPU
		{5B83619A-F52B-4BD0-AC87-74F08D3577D9}.Debug|Any CPU.ActiveCfg = Debug|Any CPU
		{5B83619A-F52B-4BD0-AC87-74F08D3577D9}.Debug|Any CPU.Build.0 = Debug|Any CPU
		{5B83619A-F52B-4BD0-AC87-74F08D3577D9}.Release|Any CPU.ActiveCfg = Release|Any CPU
		{5B83619A-F52B-4BD0-AC87-74F08D3577D9}.Release|Any CPU.Build.0 = Release|Any CPU
		{BB5DC8DF-4F59-4551-8FF6-59881CB587DD}.Debug|Any CPU.ActiveCfg = Debug|Any CPU
		{BB5DC8DF-4F59-4551-8FF6-59881CB587DD}.Debug|Any CPU.Build.0 = Debug|Any CPU
		{BB5DC8DF-4F59-4551-8FF6-59881CB587DD}.Release|Any CPU.ActiveCfg = Release|Any CPU
		{BB5DC8DF-4F59-4551-8FF6-59881CB587DD}.Release|Any CPU.Build.0 = Release|Any CPU
		{3FC24319-97DC-4B9E-A90A-E466D16A42DA}.Debug|Any CPU.ActiveCfg = Debug|Any CPU
		{3FC24319-97DC-4B9E-A90A-E466D16A42DA}.Debug|Any CPU.Build.0 = Debug|Any CPU
		{3FC24319-97DC-4B9E-A90A-E466D16A42DA}.Release|Any CPU.ActiveCfg = Release|Any CPU
		{3FC24319-97DC-4B9E-A90A-E466D16A42DA}.Release|Any CPU.Build.0 = Release|Any CPU
		{6E1CCB37-D71B-49F3-9470-09641AA616A5}.Debug|Any CPU.ActiveCfg = Debug|Any CPU
		{6E1CCB37-D71B-49F3-9470-09641AA616A5}.Debug|Any CPU.Build.0 = Debug|Any CPU
		{6E1CCB37-D71B-49F3-9470-09641AA616A5}.Release|Any CPU.ActiveCfg = Release|Any CPU
		{6E1CCB37-D71B-49F3-9470-09641AA616A5}.Release|Any CPU.Build.0 = Release|Any CPU
		{A8A622BD-7AD7-4DB2-828A-38E43EF5EEFE}.Debug|Any CPU.ActiveCfg = Debug|Any CPU
		{A8A622BD-7AD7-4DB2-828A-38E43EF5EEFE}.Debug|Any CPU.Build.0 = Debug|Any CPU
		{A8A622BD-7AD7-4DB2-828A-38E43EF5EEFE}.Release|Any CPU.ActiveCfg = Release|Any CPU
		{A8A622BD-7AD7-4DB2-828A-38E43EF5EEFE}.Release|Any CPU.Build.0 = Release|Any CPU
		{5E9209DA-A572-402A-A2FC-816BCEF11EA2}.Debug|Any CPU.ActiveCfg = Debug|Any CPU
		{5E9209DA-A572-402A-A2FC-816BCEF11EA2}.Debug|Any CPU.Build.0 = Debug|Any CPU
		{5E9209DA-A572-402A-A2FC-816BCEF11EA2}.Release|Any CPU.ActiveCfg = Release|Any CPU
		{5E9209DA-A572-402A-A2FC-816BCEF11EA2}.Release|Any CPU.Build.0 = Release|Any CPU
	EndGlobalSection
	GlobalSection(NestedProjects) = preSolution
		{FFEF2ACB-52DA-433B-A627-B1CD7D83D93E} = {A42DBE75-6CC3-4E47-BE85-0FB0ED34B977}
		{1C50F104-239C-422A-8752-80D9A518B605} = {A42DBE75-6CC3-4E47-BE85-0FB0ED34B977}
		{A4FC89A4-5BEB-432B-90CF-BD2CD4AA6FDD} = {A42DBE75-6CC3-4E47-BE85-0FB0ED34B977}
		{93F339EA-8E8C-45B6-839F-EE3449C884B6} = {A42DBE75-6CC3-4E47-BE85-0FB0ED34B977}
		{5B83619A-F52B-4BD0-AC87-74F08D3577D9} = {A42DBE75-6CC3-4E47-BE85-0FB0ED34B977}
		{BB5DC8DF-4F59-4551-8FF6-59881CB587DD} = {A42DBE75-6CC3-4E47-BE85-0FB0ED34B977}
		{3FC24319-97DC-4B9E-A90A-E466D16A42DA} = {3E631758-2190-4FEB-860C-C1146EC26089}
		{6E1CCB37-D71B-49F3-9470-09641AA616A5} = {3E631758-2190-4FEB-860C-C1146EC26089}
		{A8A622BD-7AD7-4DB2-828A-38E43EF5EEFE} = {3E631758-2190-4FEB-860C-C1146EC26089}
		{5E9209DA-A572-402A-A2FC-816BCEF11EA2} = {3E631758-2190-4FEB-860C-C1146EC26089}
	EndGlobalSection
EndGlobal
